
Microsoft Visual Studio Solution File, Format Version 10.00
# Visual C++ Express 2008
Project("{8BC9CEB8-8B4A-11D0-8D11-00A0C91BC942}") = "pyhmac", "pyhmac\pyhmac.vcproj", "{E1871769-3234-43CF-9BA6-35DA28929960}"
	ProjectSection(ProjectDependencies) = postProject
		{BD3A95FA-A3DE-4B79-A889-A7E5ECA4B69C} = {BD3A95FA-A3DE-4B79-A889-A7E5ECA4B69C}
		{17E6D2AC-3A79-4280-B860-C9123D24049F} = {17E6D2AC-3A79-4280-B860-C9123D24049F}
	EndProjectSection
EndProject
Project("{8BC9CEB8-8B4A-11D0-8D11-00A0C91BC942}") = "hmac_test_error", "hmac_test_error\hmac_test_error.vcproj", "{B30CD67E-2D97-4170-8D62-9D66DB770E13}"
	ProjectSection(ProjectDependencies) = postProject
		{17E6D2AC-3A79-4280-B860-C9123D24049F} = {17E6D2AC-3A79-4280-B860-C9123D24049F}
	EndProjectSection
EndProject
Project("{8BC9CEB8-8B4A-11D0-8D11-00A0C91BC942}") = "hmac_test_md5", "hmac_test_md5\hmac_test_md5.vcproj", "{AD89C149-A5C0-4F04-A31F-9A8FD1D09825}"
	ProjectSection(ProjectDependencies) = postProject
		{17E6D2AC-3A79-4280-B860-C9123D24049F} = {17E6D2AC-3A79-4280-B860-C9123D24049F}
		{BD3A95FA-A3DE-4B79-A889-A7E5ECA4B69C} = {BD3A95FA-A3DE-4B79-A889-A7E5ECA4B69C}
	EndProjectSection
EndProject
Project("{8BC9CEB8-8B4A-11D0-8D11-00A0C91BC942}") = "hmac_test_md5_context", "hmac_test_md5_context\hmac_test_md5_context.vcproj", "{5BB1A696-AFFA-4737-B366-4AC2F0EC3A5E}"
	ProjectSection(ProjectDependencies) = postProject
		{17E6D2AC-3A79-4280-B860-C9123D24049F} = {17E6D2AC-3A79-4280-B860-C9123D24049F}
		{BD3A95FA-A3DE-4B79-A889-A7E5ECA4B69C} = {BD3A95FA-A3DE-4B79-A889-A7E5ECA4B69C}
	EndProjectSection
EndProject
Project("{8BC9CEB8-8B4A-11D0-8D11-00A0C91BC942}") = "hmac_test_sha1", "hmac_test_sha1\hmac_test_sha1.vcproj", "{9A57D58B-15F9-41C2-A394-2ECA6481EFA6}"
	ProjectSection(ProjectDependencies) = postProject
		{17E6D2AC-3A79-4280-B860-C9123D24049F} = {17E6D2AC-3A79-4280-B860-C9123D24049F}
		{BD3A95FA-A3DE-4B79-A889-A7E5ECA4B69C} = {BD3A95FA-A3DE-4B79-A889-A7E5ECA4B69C}
	EndProjectSection
EndProject
Project("{8BC9CEB8-8B4A-11D0-8D11-00A0C91BC942}") = "hmac_test_sha1_context", "hmac_test_sha1_context\hmac_test_sha1_context.vcproj", "{53756353-58A8-4F29-AF4E-B2C30A4E8E8E}"
	ProjectSection(ProjectDependencies) = postProject
		{17E6D2AC-3A79-4280-B860-C9123D24049F} = {17E6D2AC-3A79-4280-B860-C9123D24049F}
		{BD3A95FA-A3DE-4B79-A889-A7E5ECA4B69C} = {BD3A95FA-A3DE-4B79-A889-A7E5ECA4B69C}
	EndProjectSection
EndProject
Project("{8BC9CEB8-8B4A-11D0-8D11-00A0C91BC942}") = "hmac_test_sha224", "hmac_test_sha224\hmac_test_sha224.vcproj", "{72DB62DA-758A-4DCB-82E1-852CAAC3F46D}"
	ProjectSection(ProjectDependencies) = postProject
		{17E6D2AC-3A79-4280-B860-C9123D24049F} = {17E6D2AC-3A79-4280-B860-C9123D24049F}
		{BD3A95FA-A3DE-4B79-A889-A7E5ECA4B69C} = {BD3A95FA-A3DE-4B79-A889-A7E5ECA4B69C}
	EndProjectSection
EndProject
Project("{8BC9CEB8-8B4A-11D0-8D11-00A0C91BC942}") = "hmac_test_sha224_context", "hmac_test_sha224_context\hmac_test_sha224_context.vcproj", "{1BF0C19B-080F-47B1-A955-0AE8F71F104D}"
	ProjectSection(ProjectDependencies) = postProject
		{17E6D2AC-3A79-4280-B860-C9123D24049F} = {17E6D2AC-3A79-4280-B860-C9123D24049F}
		{BD3A95FA-A3DE-4B79-A889-A7E5ECA4B69C} = {BD3A95FA-A3DE-4B79-A889-A7E5ECA4B69C}
	EndProjectSection
EndProject
Project("{8BC9CEB8-8B4A-11D0-8D11-00A0C91BC942}") = "hmac_test_sha256", "hmac_test_sha256\hmac_test_sha256.vcproj", "{0F5B8A42-866A-40FE-947A-F61A6CEFF05E}"
	ProjectSection(ProjectDependencies) = postProject
		{17E6D2AC-3A79-4280-B860-C9123D24049F} = {17E6D2AC-3A79-4280-B860-C9123D24049F}
		{BD3A95FA-A3DE-4B79-A889-A7E5ECA4B69C} = {BD3A95FA-A3DE-4B79-A889-A7E5ECA4B69C}
	EndProjectSection
EndProject
Project("{8BC9CEB8-8B4A-11D0-8D11-00A0C91BC942}") = "hmac_test_sha256_context", "hmac_test_sha256_context\hmac_test_sha256_context.vcproj", "{CDFE6C32-64C5-4598-AE7E-1B1608D78F3F}"
	ProjectSection(ProjectDependencies) = postProject
		{17E6D2AC-3A79-4280-B860-C9123D24049F} = {17E6D2AC-3A79-4280-B860-C9123D24049F}
		{BD3A95FA-A3DE-4B79-A889-A7E5ECA4B69C} = {BD3A95FA-A3DE-4B79-A889-A7E5ECA4B69C}
	EndProjectSection
EndProject
Project("{8BC9CEB8-8B4A-11D0-8D11-00A0C91BC942}") = "hmac_test_sha512", "hmac_test_sha512\hmac_test_sha512.vcproj", "{195B9A41-2209-4A25-BB6A-5D6D8958F329}"
	ProjectSection(ProjectDependencies) = postProject
		{17E6D2AC-3A79-4280-B860-C9123D24049F} = {17E6D2AC-3A79-4280-B860-C9123D24049F}
		{BD3A95FA-A3DE-4B79-A889-A7E5ECA4B69C} = {BD3A95FA-A3DE-4B79-A889-A7E5ECA4B69C}
	EndProjectSection
EndProject
Project("{8BC9CEB8-8B4A-11D0-8D11-00A0C91BC942}") = "hmac_test_sha512_context", "hmac_test_sha512_context\hmac_test_sha512_context.vcproj", "{BF89E5B7-DBA6-47B0-A892-AF315A6399E9}"
	ProjectSection(ProjectDependencies) = postProject
		{17E6D2AC-3A79-4280-B860-C9123D24049F} = {17E6D2AC-3A79-4280-B860-C9123D24049F}
		{BD3A95FA-A3DE-4B79-A889-A7E5ECA4B69C} = {BD3A95FA-A3DE-4B79-A889-A7E5ECA4B69C}
	EndProjectSection
EndProject
Project("{8BC9CEB8-8B4A-11D0-8D11-00A0C91BC942}") = "hmac_test_support", "hmac_test_support\hmac_test_support.vcproj", "{49797629-BF52-4E07-A899-31BFE5216CB8}"
	ProjectSection(ProjectDependencies) = postProject
		{17E6D2AC-3A79-4280-B860-C9123D24049F} = {17E6D2AC-3A79-4280-B860-C9123D24049F}
	EndProjectSection
EndProject
Project("{8BC9CEB8-8B4A-11D0-8D11-00A0C91BC942}") = "libclocale", "libclocale\libclocale.vcproj", "{CEDF8919-00B2-4D8A-88CC-84ADB2D2FF89}"
	ProjectSection(ProjectDependencies) = postProject
		{BD3A95FA-A3DE-4B79-A889-A7E5ECA4B69C} = {BD3A95FA-A3DE-4B79-A889-A7E5ECA4B69C}
	EndProjectSection
EndProject
Project("{8BC9CEB8-8B4A-11D0-8D11-00A0C91BC942}") = "hmacsum", "hmacsum\hmacsum.vcproj", "{E47BC48E-4CDC-49CC-B82E-4468DE2540DE}"
	ProjectSection(ProjectDependencies) = postProject
		{3FFB9C05-1145-45A7-9ADE-5C8D70FBD7CA} = {3FFB9C05-1145-45A7-9ADE-5C8D70FBD7CA}
		{4C93BDD3-1804-47F3-9B34-F2DE0CAE1AE0} = {4C93BDD3-1804-47F3-9B34-F2DE0CAE1AE0}
		{BC27FF34-C859-4A1A-95D6-FC89952E1910} = {BC27FF34-C859-4A1A-95D6-FC89952E1910}
		{B86FB73A-4ACC-42DE-9545-586D93955B06} = {B86FB73A-4ACC-42DE-9545-586D93955B06}
		{17E6D2AC-3A79-4280-B860-C9123D24049F} = {17E6D2AC-3A79-4280-B860-C9123D24049F}
		{5304AD69-D449-4589-B2C9-E4607E56A51D} = {5304AD69-D449-4589-B2C9-E4607E56A51D}
		{CEDF8919-00B2-4D8A-88CC-84ADB2D2FF89} = {CEDF8919-00B2-4D8A-88CC-84ADB2D2FF89}
		{BD3A95FA-A3DE-4B79-A889-A7E5ECA4B69C} = {BD3A95FA-A3DE-4B79-A889-A7E5ECA4B69C}
	EndProjectSection
EndProject
Project("{8BC9CEB8-8B4A-11D0-8D11-00A0C91BC942}") = "libcfile", "libcfile\libcfile.vcproj", "{4C93BDD3-1804-47F3-9B34-F2DE0CAE1AE0}"
	ProjectSection(ProjectDependencies) = postProject
		{BD3A95FA-A3DE-4B79-A889-A7E5ECA4B69C} = {BD3A95FA-A3DE-4B79-A889-A7E5ECA4B69C}
		{CEDF8919-00B2-4D8A-88CC-84ADB2D2FF89} = {CEDF8919-00B2-4D8A-88CC-84ADB2D2FF89}
		{5304AD69-D449-4589-B2C9-E4607E56A51D} = {5304AD69-D449-4589-B2C9-E4607E56A51D}
		{BC27FF34-C859-4A1A-95D6-FC89952E1910} = {BC27FF34-C859-4A1A-95D6-FC89952E1910}
	EndProjectSection
EndProject
Project("{8BC9CEB8-8B4A-11D0-8D11-00A0C91BC942}") = "libcthreads", "libcthreads\libcthreads.vcproj", "{253ABF9F-F99A-4A77-A7E1-99E9F44BD5FA}"
	ProjectSection(ProjectDependencies) = postProject
		{BD3A95FA-A3DE-4B79-A889-A7E5ECA4B69C} = {BD3A95FA-A3DE-4B79-A889-A7E5ECA4B69C}
	EndProjectSection
EndProject
Project("{8BC9CEB8-8B4A-11D0-8D11-00A0C91BC942}") = "libcpath", "libcpath\libcpath.vcproj", "{3FFB9C05-1145-45A7-9ADE-5C8D70FBD7CA}"
	ProjectSection(ProjectDependencies) = postProject
		{BD3A95FA-A3DE-4B79-A889-A7E5ECA4B69C} = {BD3A95FA-A3DE-4B79-A889-A7E5ECA4B69C}
		{CEDF8919-00B2-4D8A-88CC-84ADB2D2FF89} = {CEDF8919-00B2-4D8A-88CC-84ADB2D2FF89}
		{B86FB73A-4ACC-42DE-9545-586D93955B06} = {B86FB73A-4ACC-42DE-9545-586D93955B06}
		{BC27FF34-C859-4A1A-95D6-FC89952E1910} = {BC27FF34-C859-4A1A-95D6-FC89952E1910}
	EndProjectSection
EndProject
Project("{8BC9CEB8-8B4A-11D0-8D11-00A0C91BC942}") = "libhmac", "libhmac\libhmac.vcproj", "{17E6D2AC-3A79-4280-B860-C9123D24049F}"
	ProjectSection(ProjectDependencies) = postProject
		{BD3A95FA-A3DE-4B79-A889-A7E5ECA4B69C} = {BD3A95FA-A3DE-4B79-A889-A7E5ECA4B69C}
	EndProjectSection
EndProject
Project("{8BC9CEB8-8B4A-11D0-8D11-00A0C91BC942}") = "libuna", "libuna\libuna.vcproj", "{BC27FF34-C859-4A1A-95D6-FC89952E1910}"
	ProjectSection(ProjectDependencies) = postProject
		{BD3A95FA-A3DE-4B79-A889-A7E5ECA4B69C} = {BD3A95FA-A3DE-4B79-A889-A7E5ECA4B69C}
	EndProjectSection
EndProject
Project("{8BC9CEB8-8B4A-11D0-8D11-00A0C91BC942}") = "libcerror", "libcerror\libcerror.vcproj", "{BD3A95FA-A3DE-4B79-A889-A7E5ECA4B69C}"
EndProject
Project("{8BC9CEB8-8B4A-11D0-8D11-00A0C91BC942}") = "libcnotify", "libcnotify\libcnotify.vcproj", "{5304AD69-D449-4589-B2C9-E4607E56A51D}"
	ProjectSection(ProjectDependencies) = postProject
		{BD3A95FA-A3DE-4B79-A889-A7E5ECA4B69C} = {BD3A95FA-A3DE-4B79-A889-A7E5ECA4B69C}
	EndProjectSection
EndProject
Project("{8BC9CEB8-8B4A-11D0-8D11-00A0C91BC942}") = "libcsplit", "libcsplit\libcsplit.vcproj", "{B86FB73A-4ACC-42DE-9545-586D93955B06}"
	ProjectSection(ProjectDependencies) = postProject
		{BD3A95FA-A3DE-4B79-A889-A7E5ECA4B69C} = {BD3A95FA-A3DE-4B79-A889-A7E5ECA4B69C}
	EndProjectSection
EndProject
Global
	GlobalSection(SolutionConfigurationPlatforms) = preSolution
		Release|Win32 = Release|Win32
		VSDebug|Win32 = VSDebug|Win32
	EndGlobalSection
	GlobalSection(ProjectConfigurationPlatforms) = postSolution
		{E1871769-3234-43CF-9BA6-35DA28929960}.Release|Win32.ActiveCfg = Release|Win32
		{E1871769-3234-43CF-9BA6-35DA28929960}.Release|Win32.Build.0 = Release|Win32
		{E1871769-3234-43CF-9BA6-35DA28929960}.VSDebug|Win32.ActiveCfg = VSDebug|Win32
		{E1871769-3234-43CF-9BA6-35DA28929960}.VSDebug|Win32.Build.0 = VSDebug|Win32
		{B30CD67E-2D97-4170-8D62-9D66DB770E13}.Release|Win32.ActiveCfg = Release|Win32
		{B30CD67E-2D97-4170-8D62-9D66DB770E13}.Release|Win32.Build.0 = Release|Win32
		{B30CD67E-2D97-4170-8D62-9D66DB770E13}.VSDebug|Win32.ActiveCfg = VSDebug|Win32
		{B30CD67E-2D97-4170-8D62-9D66DB770E13}.VSDebug|Win32.Build.0 = VSDebug|Win32
		{AD89C149-A5C0-4F04-A31F-9A8FD1D09825}.Release|Win32.ActiveCfg = Release|Win32
		{AD89C149-A5C0-4F04-A31F-9A8FD1D09825}.Release|Win32.Build.0 = Release|Win32
		{AD89C149-A5C0-4F04-A31F-9A8FD1D09825}.VSDebug|Win32.ActiveCfg = VSDebug|Win32
		{AD89C149-A5C0-4F04-A31F-9A8FD1D09825}.VSDebug|Win32.Build.0 = VSDebug|Win32
		{5BB1A696-AFFA-4737-B366-4AC2F0EC3A5E}.Release|Win32.ActiveCfg = Release|Win32
		{5BB1A696-AFFA-4737-B366-4AC2F0EC3A5E}.Release|Win32.Build.0 = Release|Win32
		{5BB1A696-AFFA-4737-B366-4AC2F0EC3A5E}.VSDebug|Win32.ActiveCfg = VSDebug|Win32
		{5BB1A696-AFFA-4737-B366-4AC2F0EC3A5E}.VSDebug|Win32.Build.0 = VSDebug|Win32
		{9A57D58B-15F9-41C2-A394-2ECA6481EFA6}.Release|Win32.ActiveCfg = Release|Win32
		{9A57D58B-15F9-41C2-A394-2ECA6481EFA6}.Release|Win32.Build.0 = Release|Win32
		{9A57D58B-15F9-41C2-A394-2ECA6481EFA6}.VSDebug|Win32.ActiveCfg = VSDebug|Win32
		{9A57D58B-15F9-41C2-A394-2ECA6481EFA6}.VSDebug|Win32.Build.0 = VSDebug|Win32
		{53756353-58A8-4F29-AF4E-B2C30A4E8E8E}.Release|Win32.ActiveCfg = Release|Win32
		{53756353-58A8-4F29-AF4E-B2C30A4E8E8E}.Release|Win32.Build.0 = Release|Win32
		{53756353-58A8-4F29-AF4E-B2C30A4E8E8E}.VSDebug|Win32.ActiveCfg = VSDebug|Win32
		{53756353-58A8-4F29-AF4E-B2C30A4E8E8E}.VSDebug|Win32.Build.0 = VSDebug|Win32
		{72DB62DA-758A-4DCB-82E1-852CAAC3F46D}.Release|Win32.ActiveCfg = Release|Win32
		{72DB62DA-758A-4DCB-82E1-852CAAC3F46D}.Release|Win32.Build.0 = Release|Win32
		{72DB62DA-758A-4DCB-82E1-852CAAC3F46D}.VSDebug|Win32.ActiveCfg = VSDebug|Win32
		{72DB62DA-758A-4DCB-82E1-852CAAC3F46D}.VSDebug|Win32.Build.0 = VSDebug|Win32
		{1BF0C19B-080F-47B1-A955-0AE8F71F104D}.Release|Win32.ActiveCfg = Release|Win32
		{1BF0C19B-080F-47B1-A955-0AE8F71F104D}.Release|Win32.Build.0 = Release|Win32
		{1BF0C19B-080F-47B1-A955-0AE8F71F104D}.VSDebug|Win32.ActiveCfg = VSDebug|Win32
		{1BF0C19B-080F-47B1-A955-0AE8F71F104D}.VSDebug|Win32.Build.0 = VSDebug|Win32
		{0F5B8A42-866A-40FE-947A-F61A6CEFF05E}.Release|Win32.ActiveCfg = Release|Win32
		{0F5B8A42-866A-40FE-947A-F61A6CEFF05E}.Release|Win32.Build.0 = Release|Win32
		{0F5B8A42-866A-40FE-947A-F61A6CEFF05E}.VSDebug|Win32.ActiveCfg = VSDebug|Win32
		{0F5B8A42-866A-40FE-947A-F61A6CEFF05E}.VSDebug|Win32.Build.0 = VSDebug|Win32
		{CDFE6C32-64C5-4598-AE7E-1B1608D78F3F}.Release|Win32.ActiveCfg = Release|Win32
		{CDFE6C32-64C5-4598-AE7E-1B1608D78F3F}.Release|Win32.Build.0 = Release|Win32
		{CDFE6C32-64C5-4598-AE7E-1B1608D78F3F}.VSDebug|Win32.ActiveCfg = VSDebug|Win32
		{CDFE6C32-64C5-4598-AE7E-1B1608D78F3F}.VSDebug|Win32.Build.0 = VSDebug|Win32
		{195B9A41-2209-4A25-BB6A-5D6D8958F329}.Release|Win32.ActiveCfg = Release|Win32
		{195B9A41-2209-4A25-BB6A-5D6D8958F329}.Release|Win32.Build.0 = Release|Win32
		{195B9A41-2209-4A25-BB6A-5D6D8958F329}.VSDebug|Win32.ActiveCfg = VSDebug|Win32
		{195B9A41-2209-4A25-BB6A-5D6D8958F329}.VSDebug|Win32.Build.0 = VSDebug|Win32
		{BF89E5B7-DBA6-47B0-A892-AF315A6399E9}.Release|Win32.ActiveCfg = Release|Win32
		{BF89E5B7-DBA6-47B0-A892-AF315A6399E9}.Release|Win32.Build.0 = Release|Win32
		{BF89E5B7-DBA6-47B0-A892-AF315A6399E9}.VSDebug|Win32.ActiveCfg = VSDebug|Win32
		{BF89E5B7-DBA6-47B0-A892-AF315A6399E9}.VSDebug|Win32.Build.0 = VSDebug|Win32
		{49797629-BF52-4E07-A899-31BFE5216CB8}.Release|Win32.ActiveCfg = Release|Win32
		{49797629-BF52-4E07-A899-31BFE5216CB8}.Release|Win32.Build.0 = Release|Win32
		{49797629-BF52-4E07-A899-31BFE5216CB8}.VSDebug|Win32.ActiveCfg = VSDebug|Win32
		{49797629-BF52-4E07-A899-31BFE5216CB8}.VSDebug|Win32.Build.0 = VSDebug|Win32
		{CEDF8919-00B2-4D8A-88CC-84ADB2D2FF89}.Release|Win32.ActiveCfg = Release|Win32
		{CEDF8919-00B2-4D8A-88CC-84ADB2D2FF89}.Release|Win32.Build.0 = Release|Win32
		{CEDF8919-00B2-4D8A-88CC-84ADB2D2FF89}.VSDebug|Win32.ActiveCfg = VSDebug|Win32
		{CEDF8919-00B2-4D8A-88CC-84ADB2D2FF89}.VSDebug|Win32.Build.0 = VSDebug|Win32
		{E47BC48E-4CDC-49CC-B82E-4468DE2540DE}.Release|Win32.ActiveCfg = Release|Win32
		{E47BC48E-4CDC-49CC-B82E-4468DE2540DE}.Release|Win32.Build.0 = Release|Win32
		{E47BC48E-4CDC-49CC-B82E-4468DE2540DE}.VSDebug|Win32.ActiveCfg = VSDebug|Win32
		{E47BC48E-4CDC-49CC-B82E-4468DE2540DE}.VSDebug|Win32.Build.0 = VSDebug|Win32
		{4C93BDD3-1804-47F3-9B34-F2DE0CAE1AE0}.Release|Win32.ActiveCfg = Release|Win32
		{4C93BDD3-1804-47F3-9B34-F2DE0CAE1AE0}.Release|Win32.Build.0 = Release|Win32
		{4C93BDD3-1804-47F3-9B34-F2DE0CAE1AE0}.VSDebug|Win32.ActiveCfg = VSDebug|Win32
		{4C93BDD3-1804-47F3-9B34-F2DE0CAE1AE0}.VSDebug|Win32.Build.0 = VSDebug|Win32
		{253ABF9F-F99A-4A77-A7E1-99E9F44BD5FA}.Release|Win32.ActiveCfg = Release|Win32
		{253ABF9F-F99A-4A77-A7E1-99E9F44BD5FA}.Release|Win32.Build.0 = Release|Win32
		{253ABF9F-F99A-4A77-A7E1-99E9F44BD5FA}.VSDebug|Win32.ActiveCfg = VSDebug|Win32
		{253ABF9F-F99A-4A77-A7E1-99E9F44BD5FA}.VSDebug|Win32.Build.0 = VSDebug|Win32
		{3FFB9C05-1145-45A7-9ADE-5C8D70FBD7CA}.Release|Win32.ActiveCfg = Release|Win32
		{3FFB9C05-1145-45A7-9ADE-5C8D70FBD7CA}.Release|Win32.Build.0 = Release|Win32
		{3FFB9C05-1145-45A7-9ADE-5C8D70FBD7CA}.VSDebug|Win32.ActiveCfg = VSDebug|Win32
		{3FFB9C05-1145-45A7-9ADE-5C8D70FBD7CA}.VSDebug|Win32.Build.0 = VSDebug|Win32
		{17E6D2AC-3A79-4280-B860-C9123D24049F}.Release|Win32.ActiveCfg = Release|Win32
		{17E6D2AC-3A79-4280-B860-C9123D24049F}.Release|Win32.Build.0 = Release|Win32
		{17E6D2AC-3A79-4280-B860-C9123D24049F}.VSDebug|Win32.ActiveCfg = VSDebug|Win32
		{17E6D2AC-3A79-4280-B860-C9123D24049F}.VSDebug|Win32.Build.0 = VSDebug|Win32
		{BC27FF34-C859-4A1A-95D6-FC89952E1910}.Release|Win32.ActiveCfg = Release|Win32
		{BC27FF34-C859-4A1A-95D6-FC89952E1910}.Release|Win32.Build.0 = Release|Win32
		{BC27FF34-C859-4A1A-95D6-FC89952E1910}.VSDebug|Win32.ActiveCfg = VSDebug|Win32
		{BC27FF34-C859-4A1A-95D6-FC89952E1910}.VSDebug|Win32.Build.0 = VSDebug|Win32
		{BD3A95FA-A3DE-4B79-A889-A7E5ECA4B69C}.Release|Win32.ActiveCfg = Release|Win32
		{BD3A95FA-A3DE-4B79-A889-A7E5ECA4B69C}.Release|Win32.Build.0 = Release|Win32
		{BD3A95FA-A3DE-4B79-A889-A7E5ECA4B69C}.VSDebug|Win32.ActiveCfg = VSDebug|Win32
		{BD3A95FA-A3DE-4B79-A889-A7E5ECA4B69C}.VSDebug|Win32.Build.0 = VSDebug|Win32
		{5304AD69-D449-4589-B2C9-E4607E56A51D}.Release|Win32.ActiveCfg = Release|Win32
		{5304AD69-D449-4589-B2C9-E4607E56A51D}.Release|Win32.Build.0 = Release|Win32
		{5304AD69-D449-4589-B2C9-E4607E56A51D}.VSDebug|Win32.ActiveCfg = VSDebug|Win32
		{5304AD69-D449-4589-B2C9-E4607E56A51D}.VSDebug|Win32.Build.0 = VSDebug|Win32
		{B86FB73A-4ACC-42DE-9545-586D93955B06}.Release|Win32.ActiveCfg = Release|Win32
		{B86FB73A-4ACC-42DE-9545-586D93955B06}.Release|Win32.Build.0 = Release|Win32
		{B86FB73A-4ACC-42DE-9545-586D93955B06}.VSDebug|Win32.ActiveCfg = VSDebug|Win32
		{B86FB73A-4ACC-42DE-9545-586D93955B06}.VSDebug|Win32.Build.0 = VSDebug|Win32
	EndGlobalSection
	GlobalSection(SolutionProperties) = preSolution
		HideSolutionNode = FALSE
	EndGlobalSection
EndGlobal
